// !$*UTF8*$!
{
	archiveVersion = 1;
	classes = {
	};
	objectVersion = 50;
	objects = {

/* Begin PBXBuildFile section */
		376AD18022503A0F008B63CE /* MyFramework.h in Headers */ = {isa = PBXBuildFile; fileRef = 376AD17E22503A0F008B63CE /* MyFramework.h */; settings = {ATTRIBUTES = (Public, ); }; };
		376AD18822503A41008B63CE /* Adder.h in Headers */ = {isa = PBXBuildFile; fileRef = 376AD18622503A41008B63CE /* Adder.h */; settings = {ATTRIBUTES = (Public, ); }; };
		376AD18922503A41008B63CE /* Adder.m in Sources */ = {isa = PBXBuildFile; fileRef = 376AD18722503A41008B63CE /* Adder.m */; };
		376AD19222503B32008B63CE /* AppDelegate.m in Sources */ = {isa = PBXBuildFile; fileRef = 376AD19122503B32008B63CE /* AppDelegate.m */; };
		376AD19522503B32008B63CE /* ViewController.m in Sources */ = {isa = PBXBuildFile; fileRef = 376AD19422503B32008B63CE /* ViewController.m */; };
		376AD19822503B32008B63CE /* Main.storyboard in Resources */ = {isa = PBXBuildFile; fileRef = 376AD19622503B32008B63CE /* Main.storyboard */; };
		376AD19A22503B33008B63CE /* Assets.xcassets in Resources */ = {isa = PBXBuildFile; fileRef = 376AD19922503B33008B63CE /* Assets.xcassets */; };
		376AD19D22503B33008B63CE /* LaunchScreen.storyboard in Resources */ = {isa = PBXBuildFile; fileRef = 376AD19B22503B33008B63CE /* LaunchScreen.storyboard */; };
		376AD1A022503B33008B63CE /* main.m in Sources */ = {isa = PBXBuildFile; fileRef = 376AD19F22503B33008B63CE /* main.m */; };
		376AD1AA22503B33008B63CE /* TestsHostTests.m in Sources */ = {isa = PBXBuildFile; fileRef = 376AD1A922503B33008B63CE /* TestsHostTests.m */; };
		376AD1B222503E15008B63CE /* MyFramework.framework in Frameworks */ = {isa = PBXBuildFile; fileRef = 376AD17B22503A0F008B63CE /* MyFramework.framework */; };
		EED1FD527E292E152E8E064D /* libPods-TestsHostTests.a in Frameworks */ = {isa = PBXBuildFile; fileRef = 1350147C1DA69554F70EF1B0 /* libPods-TestsHostTests.a */; };
/* End PBXBuildFile section */

/* Begin PBXContainerItemProxy section */
		376AD1A622503B33008B63CE /* PBXContainerItemProxy */ = {
			isa = PBXContainerItemProxy;
			containerPortal = 376AD17222503A0F008B63CE /* Project object */;
			proxyType = 1;
			remoteGlobalIDString = 376AD18D22503B32008B63CE;
			remoteInfo = TestsHost;
		};
/* End PBXContainerItemProxy section */

/* Begin PBXFileReference section */
		1350147C1DA69554F70EF1B0 /* libPods-TestsHostTests.a */ = {isa = PBXFileReference; explicitFileType = archive.ar; includeInIndex = 0; path = "libPods-TestsHostTests.a"; sourceTree = BUILT_PRODUCTS_DIR; };
		376AD17B22503A0F008B63CE /* MyFramework.framework */ = {isa = PBXFileReference; explicitFileType = wrapper.framework; includeInIndex = 0; path = MyFramework.framework; sourceTree = BUILT_PRODUCTS_DIR; };
		376AD17E22503A0F008B63CE /* MyFramework.h */ = {isa = PBXFileReference; lastKnownFileType = sourcecode.c.h; path = MyFramework.h; sourceTree = "<group>"; };
		376AD17F22503A0F008B63CE /* Info.plist */ = {isa = PBXFileReference; lastKnownFileType = text.plist.xml; path = Info.plist; sourceTree = "<group>"; };
		376AD18622503A41008B63CE /* Adder.h */ = {isa = PBXFileReference; lastKnownFileType = sourcecode.c.h; path = Adder.h; sourceTree = "<group>"; };
		376AD18722503A41008B63CE /* Adder.m */ = {isa = PBXFileReference; lastKnownFileType = sourcecode.c.objc; path = Adder.m; sourceTree = "<group>"; };
		376AD18E22503B32008B63CE /* TestsHost.app */ = {isa = PBXFileReference; explicitFileType = wrapper.application; includeInIndex = 0; path = TestsHost.app; sourceTree = BUILT_PRODUCTS_DIR; };
		376AD19022503B32008B63CE /* AppDelegate.h */ = {isa = PBXFileReference; lastKnownFileType = sourcecode.c.h; path = AppDelegate.h; sourceTree = "<group>"; };
		376AD19122503B32008B63CE /* AppDelegate.m */ = {isa = PBXFileReference; lastKnownFileType = sourcecode.c.objc; path = AppDelegate.m; sourceTree = "<group>"; };
		376AD19322503B32008B63CE /* ViewController.h */ = {isa = PBXFileReference; lastKnownFileType = sourcecode.c.h; path = ViewController.h; sourceTree = "<group>"; };
		376AD19422503B32008B63CE /* ViewController.m */ = {isa = PBXFileReference; lastKnownFileType = sourcecode.c.objc; path = ViewController.m; sourceTree = "<group>"; };
		376AD19722503B32008B63CE /* Base */ = {isa = PBXFileReference; lastKnownFileType = file.storyboard; name = Base; path = Base.lproj/Main.storyboard; sourceTree = "<group>"; };
		376AD19922503B33008B63CE /* Assets.xcassets */ = {isa = PBXFileReference; lastKnownFileType = folder.assetcatalog; path = Assets.xcassets; sourceTree = "<group>"; };
		376AD19C22503B33008B63CE /* Base */ = {isa = PBXFileReference; lastKnownFileType = file.storyboard; name = Base; path = Base.lproj/LaunchScreen.storyboard; sourceTree = "<group>"; };
		376AD19E22503B33008B63CE /* Info.plist */ = {isa = PBXFileReference; lastKnownFileType = text.plist.xml; path = Info.plist; sourceTree = "<group>"; };
		376AD19F22503B33008B63CE /* main.m */ = {isa = PBXFileReference; lastKnownFileType = sourcecode.c.objc; path = main.m; sourceTree = "<group>"; };
		376AD1A522503B33008B63CE /* TestsHostTests.xctest */ = {isa = PBXFileReference; explicitFileType = wrapper.cfbundle; includeInIndex = 0; path = TestsHostTests.xctest; sourceTree = BUILT_PRODUCTS_DIR; };
		376AD1A922503B33008B63CE /* TestsHostTests.m */ = {isa = PBXFileReference; lastKnownFileType = sourcecode.c.objc; path = TestsHostTests.m; sourceTree = "<group>"; };
		376AD1AB22503B33008B63CE /* Info.plist */ = {isa = PBXFileReference; lastKnownFileType = text.plist.xml; path = Info.plist; sourceTree = "<group>"; };
		8B14A6BF56C15FE7360FAC96 /* Pods-TestsHostTests.debug.xcconfig */ = {isa = PBXFileReference; includeInIndex = 1; lastKnownFileType = text.xcconfig; name = "Pods-TestsHostTests.debug.xcconfig"; path = "Target Support Files/Pods-TestsHostTests/Pods-TestsHostTests.debug.xcconfig"; sourceTree = "<group>"; };
		BF5B772A1F94813ADDA79665 /* Pods-TestsHostTests.release.xcconfig */ = {isa = PBXFileReference; includeInIndex = 1; lastKnownFileType = text.xcconfig; name = "Pods-TestsHostTests.release.xcconfig"; path = "Target Support Files/Pods-TestsHostTests/Pods-TestsHostTests.release.xcconfig"; sourceTree = "<group>"; };
/* End PBXFileReference section */

/* Begin PBXFrameworksBuildPhase section */
		376AD17822503A0F008B63CE /* Frameworks */ = {
			isa = PBXFrameworksBuildPhase;
			buildActionMask = 2147483647;
			files = (
			);
			runOnlyForDeploymentPostprocessing = 0;
		};
		376AD18B22503B32008B63CE /* Frameworks */ = {
			isa = PBXFrameworksBuildPhase;
			buildActionMask = 2147483647;
			files = (
				376AD1B222503E15008B63CE /* MyFramework.framework in Frameworks */,
			);
			runOnlyForDeploymentPostprocessing = 0;
		};
		376AD1A222503B33008B63CE /* Frameworks */ = {
			isa = PBXFrameworksBuildPhase;
			buildActionMask = 2147483647;
			files = (
				EED1FD527E292E152E8E064D /* libPods-TestsHostTests.a in Frameworks */,
			);
			runOnlyForDeploymentPostprocessing = 0;
		};
/* End PBXFrameworksBuildPhase section */

/* Begin PBXGroup section */
		376AD17122503A0F008B63CE = {
			isa = PBXGroup;
			children = (
				376AD17D22503A0F008B63CE /* MyFramework */,
				376AD18F22503B32008B63CE /* TestsHost */,
				376AD1A822503B33008B63CE /* TestsHostTests */,
				376AD17C22503A0F008B63CE /* Products */,
				AC30434834C601FEE105AB4F /* Pods */,
				AF5780858E40DFD973624BEF /* Frameworks */,
			);
			sourceTree = "<group>";
		};
		376AD17C22503A0F008B63CE /* Products */ = {
			isa = PBXGroup;
			children = (
				376AD17B22503A0F008B63CE /* MyFramework.framework */,
				376AD18E22503B32008B63CE /* TestsHost.app */,
				376AD1A522503B33008B63CE /* TestsHostTests.xctest */,
			);
			name = Products;
			sourceTree = "<group>";
		};
		376AD17D22503A0F008B63CE /* MyFramework */ = {
			isa = PBXGroup;
			children = (
				376AD17E22503A0F008B63CE /* MyFramework.h */,
				376AD17F22503A0F008B63CE /* Info.plist */,
				376AD18622503A41008B63CE /* Adder.h */,
				376AD18722503A41008B63CE /* Adder.m */,
			);
			path = MyFramework;
			sourceTree = "<group>";
		};
		376AD18F22503B32008B63CE /* TestsHost */ = {
			isa = PBXGroup;
			children = (
				376AD19022503B32008B63CE /* AppDelegate.h */,
				376AD19122503B32008B63CE /* AppDelegate.m */,
				376AD19322503B32008B63CE /* ViewController.h */,
				376AD19422503B32008B63CE /* ViewController.m */,
				376AD19622503B32008B63CE /* Main.storyboard */,
				376AD19922503B33008B63CE /* Assets.xcassets */,
				376AD19B22503B33008B63CE /* LaunchScreen.storyboard */,
				376AD19E22503B33008B63CE /* Info.plist */,
				376AD19F22503B33008B63CE /* main.m */,
			);
			path = TestsHost;
			sourceTree = "<group>";
		};
		376AD1A822503B33008B63CE /* TestsHostTests */ = {
			isa = PBXGroup;
			children = (
				376AD1A922503B33008B63CE /* TestsHostTests.m */,
				376AD1AB22503B33008B63CE /* Info.plist */,
			);
			path = TestsHostTests;
			sourceTree = "<group>";
		};
		AC30434834C601FEE105AB4F /* Pods */ = {
			isa = PBXGroup;
			children = (
				8B14A6BF56C15FE7360FAC96 /* Pods-TestsHostTests.debug.xcconfig */,
				BF5B772A1F94813ADDA79665 /* Pods-TestsHostTests.release.xcconfig */,
			);
			path = Pods;
			sourceTree = "<group>";
		};
		AF5780858E40DFD973624BEF /* Frameworks */ = {
			isa = PBXGroup;
			children = (
				1350147C1DA69554F70EF1B0 /* libPods-TestsHostTests.a */,
			);
			name = Frameworks;
			sourceTree = "<group>";
		};
/* End PBXGroup section */

/* Begin PBXHeadersBuildPhase section */
		376AD17622503A0F008B63CE /* Headers */ = {
			isa = PBXHeadersBuildPhase;
			buildActionMask = 2147483647;
			files = (
				376AD18022503A0F008B63CE /* MyFramework.h in Headers */,
				376AD18822503A41008B63CE /* Adder.h in Headers */,
			);
			runOnlyForDeploymentPostprocessing = 0;
		};
/* End PBXHeadersBuildPhase section */

/* Begin PBXNativeTarget section */
		376AD17A22503A0F008B63CE /* MyFramework */ = {
			isa = PBXNativeTarget;
			buildConfigurationList = 376AD18322503A0F008B63CE /* Build configuration list for PBXNativeTarget "MyFramework" */;
			buildPhases = (
				376AD17622503A0F008B63CE /* Headers */,
				376AD17722503A0F008B63CE /* Sources */,
				376AD17822503A0F008B63CE /* Frameworks */,
				376AD17922503A0F008B63CE /* Resources */,
			);
			buildRules = (
			);
			dependencies = (
			);
			name = MyFramework;
			productName = MyFramework;
			productReference = 376AD17B22503A0F008B63CE /* MyFramework.framework */;
			productType = "com.apple.product-type.framework";
		};
		376AD18D22503B32008B63CE /* TestsHost */ = {
			isa = PBXNativeTarget;
			buildConfigurationList = 376AD1AC22503B33008B63CE /* Build configuration list for PBXNativeTarget "TestsHost" */;
			buildPhases = (
				376AD18A22503B32008B63CE /* Sources */,
				376AD18B22503B32008B63CE /* Frameworks */,
				376AD18C22503B32008B63CE /* Resources */,
			);
			buildRules = (
			);
			dependencies = (
			);
			name = TestsHost;
			productName = TestsHost;
			productReference = 376AD18E22503B32008B63CE /* TestsHost.app */;
			productType = "com.apple.product-type.application";
		};
		376AD1A422503B33008B63CE /* TestsHostTests */ = {
			isa = PBXNativeTarget;
			buildConfigurationList = 376AD1AF22503B33008B63CE /* Build configuration list for PBXNativeTarget "TestsHostTests" */;
			buildPhases = (
				E45F51D61AB1E2E2BCECAF5E /* [CP] Check Pods Manifest.lock */,
				376AD1A122503B33008B63CE /* Sources */,
				376AD1A222503B33008B63CE /* Frameworks */,
				376AD1A322503B33008B63CE /* Resources */,
			);
			buildRules = (
			);
			dependencies = (
				376AD1A722503B33008B63CE /* PBXTargetDependency */,
			);
			name = TestsHostTests;
			productName = TestsHostTests;
			productReference = 376AD1A522503B33008B63CE /* TestsHostTests.xctest */;
			productType = "com.apple.product-type.bundle.unit-test";
		};
/* End PBXNativeTarget section */

/* Begin PBXProject section */
		376AD17222503A0F008B63CE /* Project object */ = {
			isa = PBXProject;
			attributes = {
				LastUpgradeCheck = 1020;
				ORGANIZATIONNAME = hc.gg;
				TargetAttributes = {
					376AD17A22503A0F008B63CE = {
						CreatedOnToolsVersion = 10.2;
					};
					376AD18D22503B32008B63CE = {
						CreatedOnToolsVersion = 10.2;
					};
					376AD1A422503B33008B63CE = {
						CreatedOnToolsVersion = 10.2;
						TestTargetID = 376AD18D22503B32008B63CE;
					};
				};
			};
			buildConfigurationList = 376AD17522503A0F008B63CE /* Build configuration list for PBXProject "MyFramework" */;
			compatibilityVersion = "Xcode 9.3";
			developmentRegion = en;
			hasScannedForEncodings = 0;
			knownRegions = (
				en,
				Base,
			);
			mainGroup = 376AD17122503A0F008B63CE;
			productRefGroup = 376AD17C22503A0F008B63CE /* Products */;
			projectDirPath = "";
			projectRoot = "";
			targets = (
				376AD17A22503A0F008B63CE /* MyFramework */,
				376AD18D22503B32008B63CE /* TestsHost */,
				376AD1A422503B33008B63CE /* TestsHostTests */,
			);
		};
/* End PBXProject section */

/* Begin PBXResourcesBuildPhase section */
		376AD17922503A0F008B63CE /* Resources */ = {
			isa = PBXResourcesBuildPhase;
			buildActionMask = 2147483647;
			files = (
			);
			runOnlyForDeploymentPostprocessing = 0;
		};
		376AD18C22503B32008B63CE /* Resources */ = {
			isa = PBXResourcesBuildPhase;
			buildActionMask = 2147483647;
			files = (
				376AD19D22503B33008B63CE /* LaunchScreen.storyboard in Resources */,
				376AD19A22503B33008B63CE /* Assets.xcassets in Resources */,
				376AD19822503B32008B63CE /* Main.storyboard in Resources */,
			);
			runOnlyForDeploymentPostprocessing = 0;
		};
		376AD1A322503B33008B63CE /* Resources */ = {
			isa = PBXResourcesBuildPhase;
			buildActionMask = 2147483647;
			files = (
			);
			runOnlyForDeploymentPostprocessing = 0;
		};
/* End PBXResourcesBuildPhase section */

/* Begin PBXShellScriptBuildPhase section */
		E45F51D61AB1E2E2BCECAF5E /* [CP] Check Pods Manifest.lock */ = {
			isa = PBXShellScriptBuildPhase;
			buildActionMask = 2147483647;
			files = (
			);
			inputFileListPaths = (
			);
			inputPaths = (
				"${PODS_PODFILE_DIR_PATH}/Podfile.lock",
				"${PODS_ROOT}/Manifest.lock",
			);
			name = "[CP] Check Pods Manifest.lock";
			outputFileListPaths = (
			);
			outputPaths = (
				"$(DERIVED_FILE_DIR)/Pods-TestsHostTests-checkManifestLockResult.txt",
			);
			runOnlyForDeploymentPostprocessing = 0;
			shellPath = /bin/sh;
			shellScript = "diff \"${PODS_PODFILE_DIR_PATH}/Podfile.lock\" \"${PODS_ROOT}/Manifest.lock\" > /dev/null\nif [ $? != 0 ] ; then\n    # print error to STDERR\n    echo \"error: The sandbox is not in sync with the Podfile.lock. Run 'pod install' or update your CocoaPods installation.\" >&2\n    exit 1\nfi\n# This output is used by Xcode 'outputs' to avoid re-running this script phase.\necho \"SUCCESS\" > \"${SCRIPT_OUTPUT_FILE_0}\"\n";
			showEnvVarsInLog = 0;
		};
/* End PBXShellScriptBuildPhase section */

/* Begin PBXSourcesBuildPhase section */
		376AD17722503A0F008B63CE /* Sources */ = {
			isa = PBXSourcesBuildPhase;
			buildActionMask = 2147483647;
			files = (
				376AD18922503A41008B63CE /* Adder.m in Sources */,
			);
			runOnlyForDeploymentPostprocessing = 0;
		};
		376AD18A22503B32008B63CE /* Sources */ = {
			isa = PBXSourcesBuildPhase;
			buildActionMask = 2147483647;
			files = (
				376AD19522503B32008B63CE /* ViewController.m in Sources */,
				376AD1A022503B33008B63CE /* main.m in Sources */,
				376AD19222503B32008B63CE /* AppDelegate.m in Sources */,
			);
			runOnlyForDeploymentPostprocessing = 0;
		};
		376AD1A122503B33008B63CE /* Sources */ = {
			isa = PBXSourcesBuildPhase;
			buildActionMask = 2147483647;
			files = (
				376AD1AA22503B33008B63CE /* TestsHostTests.m in Sources */,
			);
			runOnlyForDeploymentPostprocessing = 0;
		};
/* End PBXSourcesBuildPhase section */

/* Begin PBXTargetDependency section */
		376AD1A722503B33008B63CE /* PBXTargetDependency */ = {
			isa = PBXTargetDependency;
			target = 376AD18D22503B32008B63CE /* TestsHost */;
			targetProxy = 376AD1A622503B33008B63CE /* PBXContainerItemProxy */;
		};
/* End PBXTargetDependency section */

/* Begin PBXVariantGroup section */
		376AD19622503B32008B63CE /* Main.storyboard */ = {
			isa = PBXVariantGroup;
			children = (
				376AD19722503B32008B63CE /* Base */,
			);
			name = Main.storyboard;
			sourceTree = "<group>";
		};
		376AD19B22503B33008B63CE /* LaunchScreen.storyboard */ = {
			isa = PBXVariantGroup;
			children = (
				376AD19C22503B33008B63CE /* Base */,
			);
			name = LaunchScreen.storyboard;
			sourceTree = "<group>";
		};
/* End PBXVariantGroup section */

/* Begin XCBuildConfiguration section */
		376AD18122503A0F008B63CE /* Debug */ = {
			isa = XCBuildConfiguration;
			buildSettings = {
				ALWAYS_SEARCH_USER_PATHS = NO;
				CLANG_ANALYZER_NONNULL = YES;
				CLANG_ANALYZER_NUMBER_OBJECT_CONVERSION = YES_AGGRESSIVE;
				CLANG_CXX_LANGUAGE_STANDARD = "gnu++14";
				CLANG_CXX_LIBRARY = "libc++";
				CLANG_ENABLE_MODULES = YES;
				CLANG_ENABLE_OBJC_ARC = YES;
				CLANG_ENABLE_OBJC_WEAK = YES;
				CLANG_WARN_BLOCK_CAPTURE_AUTORELEASING = YES;
				CLANG_WARN_BOOL_CONVERSION = YES;
				CLANG_WARN_COMMA = YES;
				CLANG_WARN_CONSTANT_CONVERSION = YES;
				CLANG_WARN_DEPRECATED_OBJC_IMPLEMENTATIONS = YES;
				CLANG_WARN_DIRECT_OBJC_ISA_USAGE = YES_ERROR;
				CLANG_WARN_DOCUMENTATION_COMMENTS = YES;
				CLANG_WARN_EMPTY_BODY = YES;
				CLANG_WARN_ENUM_CONVERSION = YES;
				CLANG_WARN_INFINITE_RECURSION = YES;
				CLANG_WARN_INT_CONVERSION = YES;
				CLANG_WARN_NON_LITERAL_NULL_CONVERSION = YES;
				CLANG_WARN_OBJC_IMPLICIT_RETAIN_SELF = YES;
				CLANG_WARN_OBJC_LITERAL_CONVERSION = YES;
				CLANG_WARN_OBJC_ROOT_CLASS = YES_ERROR;
				CLANG_WARN_RANGE_LOOP_ANALYSIS = YES;
				CLANG_WARN_STRICT_PROTOTYPES = YES;
				CLANG_WARN_SUSPICIOUS_MOVE = YES;
				CLANG_WARN_UNGUARDED_AVAILABILITY = YES_AGGRESSIVE;
				CLANG_WARN_UNREACHABLE_CODE = YES;
				CLANG_WARN__DUPLICATE_METHOD_MATCH = YES;
				CODE_SIGN_IDENTITY = "iPhone Developer";
				COPY_PHASE_STRIP = NO;
				CURRENT_PROJECT_VERSION = 1;
				DEBUG_INFORMATION_FORMAT = dwarf;
				ENABLE_STRICT_OBJC_MSGSEND = YES;
				ENABLE_TESTABILITY = YES;
				GCC_C_LANGUAGE_STANDARD = gnu11;
				GCC_DYNAMIC_NO_PIC = NO;
				GCC_NO_COMMON_BLOCKS = YES;
				GCC_OPTIMIZATION_LEVEL = 0;
				GCC_PREPROCESSOR_DEFINITIONS = (
					"DEBUG=1",
					"$(inherited)",
				);
				GCC_WARN_64_TO_32_BIT_CONVERSION = YES;
				GCC_WARN_ABOUT_RETURN_TYPE = YES_ERROR;
				GCC_WARN_UNDECLARED_SELECTOR = YES;
				GCC_WARN_UNINITIALIZED_AUTOS = YES_AGGRESSIVE;
				GCC_WARN_UNUSED_FUNCTION = YES;
				GCC_WARN_UNUSED_VARIABLE = YES;
				IPHONEOS_DEPLOYMENT_TARGET = 12.2;
				MTL_ENABLE_DEBUG_INFO = INCLUDE_SOURCE;
				MTL_FAST_MATH = YES;
				ONLY_ACTIVE_ARCH = YES;
				SDKROOT = iphoneos;
				VERSIONING_SYSTEM = "apple-generic";
				VERSION_INFO_PREFIX = "";
			};
			name = Debug;
		};
		376AD18222503A0F008B63CE /* Release */ = {
			isa = XCBuildConfiguration;
			buildSettings = {
				ALWAYS_SEARCH_USER_PATHS = NO;
				CLANG_ANALYZER_NONNULL = YES;
				CLANG_ANALYZER_NUMBER_OBJECT_CONVERSION = YES_AGGRESSIVE;
				CLANG_CXX_LANGUAGE_STANDARD = "gnu++14";
				CLANG_CXX_LIBRARY = "libc++";
				CLANG_ENABLE_MODULES = YES;
				CLANG_ENABLE_OBJC_ARC = YES;
				CLANG_ENABLE_OBJC_WEAK = YES;
				CLANG_WARN_BLOCK_CAPTURE_AUTORELEASING = YES;
				CLANG_WARN_BOOL_CONVERSION = YES;
				CLANG_WARN_COMMA = YES;
				CLANG_WARN_CONSTANT_CONVERSION = YES;
				CLANG_WARN_DEPRECATED_OBJC_IMPLEMENTATIONS = YES;
				CLANG_WARN_DIRECT_OBJC_ISA_USAGE = YES_ERROR;
				CLANG_WARN_DOCUMENTATION_COMMENTS = YES;
				CLANG_WARN_EMPTY_BODY = YES;
				CLANG_WARN_ENUM_CONVERSION = YES;
				CLANG_WARN_INFINITE_RECURSION = YES;
				CLANG_WARN_INT_CONVERSION = YES;
				CLANG_WARN_NON_LITERAL_NULL_CONVERSION = YES;
				CLANG_WARN_OBJC_IMPLICIT_RETAIN_SELF = YES;
				CLANG_WARN_OBJC_LITERAL_CONVERSION = YES;
				CLANG_WARN_OBJC_ROOT_CLASS = YES_ERROR;
				CLANG_WARN_RANGE_LOOP_ANALYSIS = YES;
				CLANG_WARN_STRICT_PROTOTYPES = YES;
				CLANG_WARN_SUSPICIOUS_MOVE = YES;
				CLANG_WARN_UNGUARDED_AVAILABILITY = YES_AGGRESSIVE;
				CLANG_WARN_UNREACHABLE_CODE = YES;
				CLANG_WARN__DUPLICATE_METHOD_MATCH = YES;
				CODE_SIGN_IDENTITY = "iPhone Developer";
				COPY_PHASE_STRIP = NO;
				CURRENT_PROJECT_VERSION = 1;
				DEBUG_INFORMATION_FORMAT = "dwarf-with-dsym";
				ENABLE_NS_ASSERTIONS = NO;
				ENABLE_STRICT_OBJC_MSGSEND = YES;
				GCC_C_LANGUAGE_STANDARD = gnu11;
				GCC_NO_COMMON_BLOCKS = YES;
				GCC_WARN_64_TO_32_BIT_CONVERSION = YES;
				GCC_WARN_ABOUT_RETURN_TYPE = YES_ERROR;
				GCC_WARN_UNDECLARED_SELECTOR = YES;
				GCC_WARN_UNINITIALIZED_AUTOS = YES_AGGRESSIVE;
				GCC_WARN_UNUSED_FUNCTION = YES;
				GCC_WARN_UNUSED_VARIABLE = YES;
				IPHONEOS_DEPLOYMENT_TARGET = 12.2;
				MTL_ENABLE_DEBUG_INFO = NO;
				MTL_FAST_MATH = YES;
				SDKROOT = iphoneos;
				VALIDATE_PRODUCT = YES;
				VERSIONING_SYSTEM = "apple-generic";
				VERSION_INFO_PREFIX = "";
			};
			name = Release;
		};
		376AD18422503A0F008B63CE /* Debug */ = {
			isa = XCBuildConfiguration;
			buildSettings = {
				CODE_SIGN_IDENTITY = "";
				CODE_SIGN_STYLE = Automatic;
				DEFINES_MODULE = YES;
				DYLIB_COMPATIBILITY_VERSION = 1;
				DYLIB_CURRENT_VERSION = 1;
				DYLIB_INSTALL_NAME_BASE = "@rpath";
				INFOPLIST_FILE = MyFramework/Info.plist;
				INSTALL_PATH = "$(LOCAL_LIBRARY_DIR)/Frameworks";
				LD_RUNPATH_SEARCH_PATHS = (
					"$(inherited)",
					"@executable_path/Frameworks",
					"@loader_path/Frameworks",
				);
				PRODUCT_BUNDLE_IDENTIFIER = gg.hc.MyFramework;
				PRODUCT_NAME = "$(TARGET_NAME:c99extidentifier)";
				SKIP_INSTALL = YES;
				TARGETED_DEVICE_FAMILY = "1,2";
			};
			name = Debug;
		};
		376AD18522503A0F008B63CE /* Release */ = {
			isa = XCBuildConfiguration;
			buildSettings = {
				CODE_SIGN_IDENTITY = "";
				CODE_SIGN_STYLE = Automatic;
				DEFINES_MODULE = YES;
				DYLIB_COMPATIBILITY_VERSION = 1;
				DYLIB_CURRENT_VERSION = 1;
				DYLIB_INSTALL_NAME_BASE = "@rpath";
				INFOPLIST_FILE = MyFramework/Info.plist;
				INSTALL_PATH = "$(LOCAL_LIBRARY_DIR)/Frameworks";
				LD_RUNPATH_SEARCH_PATHS = (
					"$(inherited)",
					"@executable_path/Frameworks",
					"@loader_path/Frameworks",
				);
				PRODUCT_BUNDLE_IDENTIFIER = gg.hc.MyFramework;
				PRODUCT_NAME = "$(TARGET_NAME:c99extidentifier)";
				SKIP_INSTALL = YES;
				TARGETED_DEVICE_FAMILY = "1,2";
			};
			name = Release;
		};
		376AD1AD22503B33008B63CE /* Debug */ = {
			isa = XCBuildConfiguration;
			buildSettings = {
				ASSETCATALOG_COMPILER_APPICON_NAME = AppIcon;
				CODE_SIGN_STYLE = Automatic;
				INFOPLIST_FILE = TestsHost/Info.plist;
				LD_RUNPATH_SEARCH_PATHS = (
					"$(inherited)",
					"@executable_path/Frameworks",
				);
				PRODUCT_BUNDLE_IDENTIFIER = gg.hc.TestsHost;
				PRODUCT_NAME = "$(TARGET_NAME)";
				TARGETED_DEVICE_FAMILY = "1,2";
			};
			name = Debug;
		};
		376AD1AE22503B33008B63CE /* Release */ = {
			isa = XCBuildConfiguration;
			buildSettings = {
				ASSETCATALOG_COMPILER_APPICON_NAME = AppIcon;
				CODE_SIGN_STYLE = Automatic;
				INFOPLIST_FILE = TestsHost/Info.plist;
				LD_RUNPATH_SEARCH_PATHS = (
					"$(inherited)",
					"@executable_path/Frameworks",
				);
				PRODUCT_BUNDLE_IDENTIFIER = gg.hc.TestsHost;
				PRODUCT_NAME = "$(TARGET_NAME)";
				TARGETED_DEVICE_FAMILY = "1,2";
			};
			name = Release;
		};
		376AD1B022503B33008B63CE /* Debug */ = {
			isa = XCBuildConfiguration;
			baseConfigurationReference = 8B14A6BF56C15FE7360FAC96 /* Pods-TestsHostTests.debug.xcconfig */;
			buildSettings = {
				BUNDLE_LOADER = "$(TEST_HOST)";
				CODE_SIGN_STYLE = Automatic;
				INFOPLIST_FILE = TestsHostTests/Info.plist;
				LD_RUNPATH_SEARCH_PATHS = (
					"$(inherited)",
					"@executable_path/Frameworks",
					"@loader_path/Frameworks",
				);
				PRODUCT_BUNDLE_IDENTIFIER = gg.hc.TestsHostTests;
				PRODUCT_NAME = "$(TARGET_NAME)";
				TARGETED_DEVICE_FAMILY = "1,2";
				TEST_HOST = "$(BUILT_PRODUCTS_DIR)/TestsHost.app/TestsHost";
			};
			name = Debug;
		};
		376AD1B122503B33008B63CE /* Release */ = {
			isa = XCBuildConfiguration;
			baseConfigurationReference = BF5B772A1F94813ADDA79665 /* Pods-TestsHostTests.release.xcconfig */;
			buildSettings = {
				BUNDLE_LOADER = "$(TEST_HOST)";
				CODE_SIGN_STYLE = Automatic;
				INFOPLIST_FILE = TestsHostTests/Info.plist;
				LD_RUNPATH_SEARCH_PATHS = (
					"$(inherited)",
					"@executable_path/Frameworks",
					"@loader_path/Frameworks",
				);
				PRODUCT_BUNDLE_IDENTIFIER = gg.hc.TestsHostTests;
				PRODUCT_NAME = "$(TARGET_NAME)";
				TARGETED_DEVICE_FAMILY = "1,2";
				TEST_HOST = "$(BUILT_PRODUCTS_DIR)/TestsHost.app/TestsHost";
			};
			name = Release;
		};
/* End XCBuildConfiguration section */

/* Begin XCConfigurationList section */
		376AD17522503A0F008B63CE /* Build configuration list for PBXProject "MyFramework" */ = {
			isa = XCConfigurationList;
			buildConfigurations = (
				376AD18122503A0F008B63CE /* Debug */,
				376AD18222503A0F008B63CE /* Release */,
			);
			defaultConfigurationIsVisible = 0;
			defaultConfigurationName = Release;
		};
		376AD18322503A0F008B63CE /* Build configuration list for PBXNativeTarget "MyFramework" */ = {
			isa = XCConfigurationList;
			buildConfigurations = (
				376AD18422503A0F008B63CE /* Debug */,
				376AD18522503A0F008B63CE /* Release */,
			);
			defaultConfigurationIsVisible = 0;
			defaultConfigurationName = Release;
		};
		376AD1AC22503B33008B63CE /* Build configuration list for PBXNativeTarget "TestsHost" */ = {
			isa = XCConfigurationList;
			buildConfigurations = (
				376AD1AD22503B33008B63CE /* Debug */,
				376AD1AE22503B33008B63CE /* Release */,
			);
			defaultConfigurationIsVisible = 0;
			defaultConfigurationName = Release;
		};
		376AD1AF22503B33008B63CE /* Build configuration list for PBXNativeTarget "TestsHostTests" */ = {
			isa = XCConfigurationList;
			buildConfigurations = (
				376AD1B022503B33008B63CE /* Debug */,
				376AD1B122503B33008B63CE /* Release */,
			);
			defaultConfigurationIsVisible = 0;
			defaultConfigurationName = Release;
		};
/* End XCConfigurationList section */
	};
	rootObject = 376AD17222503A0F008B63CE /* Project object */;
}
